
Microsoft Visual Studio Solution File, Format Version 12.00
# Visual Studio Version 17
VisualStudioVersion = 17.8.34408.163
MinimumVisualStudioVersion = 10.0.40219.1
Project("{FAE04EC0-301F-11D3-BF4B-00C04F79EFBC}") = "ConsoleApp1", "ConsoleApp1\ConsoleApp1.csproj", "{C7448566-373D-45FA-A653-6B78F45B6BC8}"
EndProject
Global
	GlobalSection(SolutionConfigurationPlatforms) = preSolution
		Debug|Any CPU = Debug|Any CPU
		Release|Any CPU = Release|Any CPU
	EndGlobalSection
	GlobalSection(ProjectConfigurationPlatforms) = postSolution
		{C7448566-373D-45FA-A653-6B78F45B6BC8}.Debug|Any CPU.ActiveCfg = Debug|Any CPU
		{C7448566-373D-45FA-A653-6B78F45B6BC8}.Debug|Any CPU.Build.0 = Debug|Any CPU
		{C7448566-373D-45FA-A653-6B78F45B6BC8}.Release|Any CPU.ActiveCfg = Release|Any CPU
		{C7448566-373D-45FA-A653-6B78F45B6BC8}.Release|Any CPU.Build.0 = Release|Any CPU
	EndGlobalSection
	GlobalSection(SolutionProperties) = preSolution
		HideSolutionNode = FALSE
	EndGlobalSection
	GlobalSection(ExtensibilityGlobals) = postSolution
		SolutionGuid = {F42F55ED-6197-4B66-8AC9-DAE27EDB28D4}
	EndGlobalSection
EndGlobal
